
Microsoft Visual Studio Solution File, Format Version 12.00
# Visual Studio Version 16
VisualStudioVersion = 16.0.30104.148
MinimumVisualStudioVersion = 10.0.40219.1
Project("{FAE04EC0-301F-11D3-BF4B-00C04F79EFBC}") = "FahrkartenAutomat2", "FahrkartenAutomat2\FahrkartenAutomat2.csproj", "{807DF1D2-7AC4-4475-BB4E-9DAAAC5539B2}"
EndProject
Global
	GlobalSection(SolutionConfigurationPlatforms) = preSolution
		Debug|Any CPU = Debug|Any CPU
		Release|Any CPU = Release|Any CPU
	EndGlobalSection
	GlobalSection(ProjectConfigurationPlatforms) = postSolution
		{807DF1D2-7AC4-4475-BB4E-9DAAAC5539B2}.Debug|Any CPU.ActiveCfg = Debug|Any CPU
		{807DF1D2-7AC4-4475-BB4E-9DAAAC5539B2}.Debug|Any CPU.Build.0 = Debug|Any CPU
		{807DF1D2-7AC4-4475-BB4E-9DAAAC5539B2}.Release|Any CPU.ActiveCfg = Release|Any CPU
		{807DF1D2-7AC4-4475-BB4E-9DAAAC5539B2}.Release|Any CPU.Build.0 = Release|Any CPU
	EndGlobalSection
	GlobalSection(SolutionProperties) = preSolution
		HideSolutionNode = FALSE
	EndGlobalSection
	GlobalSection(ExtensibilityGlobals) = postSolution
		SolutionGuid = {6638CEE6-EEBD-4441-B5DD-3F6BD716B3E4}
	EndGlobalSection
EndGlobal
